
Microsoft Visual Studio Solution File, Format Version 12.00
# Visual Studio 2013
VisualStudioVersion = 12.0.31101.0
MinimumVisualStudioVersion = 10.0.40219.1
Project("{FAE04EC0-301F-11D3-BF4B-00C04F79EFBC}") = "EmployeeDirectory.Web", "EmployeeDirectory.Web\EmployeeDirectory.Web.csproj", "{B738DC1E-F201-41C3-A4A9-90992F68DBB2}"
EndProject
Project("{FAE04EC0-301F-11D3-BF4B-00C04F79EFBC}") = "EmployeeDirectory.Tests", "EmployeeDirectory.Tests\EmployeeDirectory.Tests.csproj", "{A86ADCBD-26CE-4CA4-A4F3-19BDD1B1D547}"
EndProject
Project("{FAE04EC0-301F-11D3-BF4B-00C04F79EFBC}") = "EmployeeDirectory.Data", "EmployeeDirectory.Data\EmployeeDirectory.Data.csproj", "{912EE350-22D1-4D27-B71C-B30B70269F2B}"
EndProject
Global
	GlobalSection(SolutionConfigurationPlatforms) = preSolution
		Debug|Any CPU = Debug|Any CPU
		Release|Any CPU = Release|Any CPU
	EndGlobalSection
	GlobalSection(ProjectConfigurationPlatforms) = postSolution
		{B738DC1E-F201-41C3-A4A9-90992F68DBB2}.Debug|Any CPU.ActiveCfg = Debug|Any CPU
		{B738DC1E-F201-41C3-A4A9-90992F68DBB2}.Debug|Any CPU.Build.0 = Debug|Any CPU
		{B738DC1E-F201-41C3-A4A9-90992F68DBB2}.Release|Any CPU.ActiveCfg = Release|Any CPU
		{B738DC1E-F201-41C3-A4A9-90992F68DBB2}.Release|Any CPU.Build.0 = Release|Any CPU
		{A86ADCBD-26CE-4CA4-A4F3-19BDD1B1D547}.Debug|Any CPU.ActiveCfg = Debug|Any CPU
		{A86ADCBD-26CE-4CA4-A4F3-19BDD1B1D547}.Debug|Any CPU.Build.0 = Debug|Any CPU
		{A86ADCBD-26CE-4CA4-A4F3-19BDD1B1D547}.Release|Any CPU.ActiveCfg = Release|Any CPU
		{A86ADCBD-26CE-4CA4-A4F3-19BDD1B1D547}.Release|Any CPU.Build.0 = Release|Any CPU
		{912EE350-22D1-4D27-B71C-B30B70269F2B}.Debug|Any CPU.ActiveCfg = Debug|Any CPU
		{912EE350-22D1-4D27-B71C-B30B70269F2B}.Debug|Any CPU.Build.0 = Debug|Any CPU
		{912EE350-22D1-4D27-B71C-B30B70269F2B}.Release|Any CPU.ActiveCfg = Release|Any CPU
		{912EE350-22D1-4D27-B71C-B30B70269F2B}.Release|Any CPU.Build.0 = Release|Any CPU
	EndGlobalSection
	GlobalSection(SolutionProperties) = preSolution
		HideSolutionNode = FALSE
	EndGlobalSection
EndGlobal
